
Microsoft Visual Studio Solution File, Format Version 12.00
# Visual Studio Version 17
VisualStudioVersion = 17.4.33103.184
MinimumVisualStudioVersion = 10.0.40219.1
Project("{FAE04EC0-301F-11D3-BF4B-00C04F79EFBC}") = "CloudShopApp", "CloudShopApp\CloudShopApp.csproj", "{18375130-58A0-4BAF-AE04-EB8A82B10DD9}"
EndProject
Global
	GlobalSection(SolutionConfigurationPlatforms) = preSolution
		Debug|Any CPU = Debug|Any CPU
		Release|Any CPU = Release|Any CPU
	EndGlobalSection
	GlobalSection(ProjectConfigurationPlatforms) = postSolution
		{18375130-58A0-4BAF-AE04-EB8A82B10DD9}.Debug|Any CPU.ActiveCfg = Debug|Any CPU
		{18375130-58A0-4BAF-AE04-EB8A82B10DD9}.Debug|Any CPU.Build.0 = Debug|Any CPU
		{18375130-58A0-4BAF-AE04-EB8A82B10DD9}.Release|Any CPU.ActiveCfg = Release|Any CPU
		{18375130-58A0-4BAF-AE04-EB8A82B10DD9}.Release|Any CPU.Build.0 = Release|Any CPU
	EndGlobalSection
	GlobalSection(SolutionProperties) = preSolution
		HideSolutionNode = FALSE
	EndGlobalSection
	GlobalSection(ExtensibilityGlobals) = postSolution
		SolutionGuid = {B2B8B409-CD79-410D-A0DD-F0B4D243A405}
	EndGlobalSection
EndGlobal
